// !$*UTF8*$!
{
	archiveVersion = 1;
	classes = {
	};
	objectVersion = 77;
	objects = {

/* Begin PBXContainerItemProxy section */
		EF676C362CFF91C6004CF51D /* PBXContainerItemProxy */ = {
			isa = PBXContainerItemProxy;
			containerPortal = EF676C1C2CFF91C5004CF51D /* Project object */;
			proxyType = 1;
			remoteGlobalIDString = EF676C232CFF91C5004CF51D;
			remoteInfo = GitGud;
		};
		EF676C402CFF91C6004CF51D /* PBXContainerItemProxy */ = {
			isa = PBXContainerItemProxy;
			containerPortal = EF676C1C2CFF91C5004CF51D /* Project object */;
			proxyType = 1;
			remoteGlobalIDString = EF676C232CFF91C5004CF51D;
			remoteInfo = GitGud;
		};
/* End PBXContainerItemProxy section */

/* Begin PBXFileReference section */
		EF676C242CFF91C5004CF51D /* GitGud.app */ = {isa = PBXFileReference; explicitFileType = wrapper.application; includeInIndex = 0; path = GitGud.app; sourceTree = BUILT_PRODUCTS_DIR; };
		EF676C352CFF91C6004CF51D /* GitGudTests.xctest */ = {isa = PBXFileReference; explicitFileType = wrapper.cfbundle; includeInIndex = 0; path = GitGudTests.xctest; sourceTree = BUILT_PRODUCTS_DIR; };
		EF676C3F2CFF91C6004CF51D /* GitGudUITests.xctest */ = {isa = PBXFileReference; explicitFileType = wrapper.cfbundle; includeInIndex = 0; path = GitGudUITests.xctest; sourceTree = BUILT_PRODUCTS_DIR; };
/* End PBXFileReference section */

/* Begin PBXFileSystemSynchronizedRootGroup section */
		EF676C262CFF91C5004CF51D /* GitGud */ = {
			isa = PBXFileSystemSynchronizedRootGroup;
			path = GitGud;
			sourceTree = "<group>";
		};
		EF676C382CFF91C6004CF51D /* GitGudTests */ = {
			isa = PBXFileSystemSynchronizedRootGroup;
			path = GitGudTests;
			sourceTree = "<group>";
		};
		EF676C422CFF91C6004CF51D /* GitGudUITests */ = {
			isa = PBXFileSystemSynchronizedRootGroup;
			path = GitGudUITests;
			sourceTree = "<group>";
		};
/* End PBXFileSystemSynchronizedRootGroup section */

/* Begin PBXFrameworksBuildPhase section */
		EF676C212CFF91C5004CF51D /* Frameworks */ = {
			isa = PBXFrameworksBuildPhase;
			buildActionMask = 2147483647;
			files = (
			);
			runOnlyForDeploymentPostprocessing = 0;
		};
		EF676C322CFF91C6004CF51D /* Frameworks */ = {
			isa = PBXFrameworksBuildPhase;
			buildActionMask = 2147483647;
			files = (
			);
			runOnlyForDeploymentPostprocessing = 0;
		};
		EF676C3C2CFF91C6004CF51D /* Frameworks */ = {
			isa = PBXFrameworksBuildPhase;
			buildActionMask = 2147483647;
			files = (
			);
			runOnlyForDeploymentPostprocessing = 0;
		};
/* End PBXFrameworksBuildPhase section */

/* Begin PBXGroup section */
		EF676C1B2CFF91C5004CF51D = {
			isa = PBXGroup;
			children = (
				EF676C262CFF91C5004CF51D /* GitGud */,
				EF676C382CFF91C6004CF51D /* GitGudTests */,
				EF676C422CFF91C6004CF51D /* GitGudUITests */,
				EF676C252CFF91C5004CF51D /* Products */,
			);
			sourceTree = "<group>";
		};
		EF676C252CFF91C5004CF51D /* Products */ = {
			isa = PBXGroup;
			children = (
				EF676C242CFF91C5004CF51D /* GitGud.app */,
				EF676C352CFF91C6004CF51D /* GitGudTests.xctest */,
				EF676C3F2CFF91C6004CF51D /* GitGudUITests.xctest */,
			);
			name = Products;
			sourceTree = "<group>";
		};
/* End PBXGroup section */

/* Begin PBXNativeTarget section */
		EF676C232CFF91C5004CF51D /* GitGud */ = {
			isa = PBXNativeTarget;
			buildConfigurationList = EF676C492CFF91C6004CF51D /* Build configuration list for PBXNativeTarget "GitGud" */;
			buildPhases = (
				EF676C202CFF91C5004CF51D /* Sources */,
				EF676C212CFF91C5004CF51D /* Frameworks */,
				EF676C222CFF91C5004CF51D /* Resources */,
			);
			buildRules = (
			);
			dependencies = (
			);
			fileSystemSynchronizedGroups = (
				EF676C262CFF91C5004CF51D /* GitGud */,
			);
			name = GitGud;
			packageProductDependencies = (
			);
			productName = GitGud;
			productReference = EF676C242CFF91C5004CF51D /* GitGud.app */;
			productType = "com.apple.product-type.application";
		};
		EF676C342CFF91C6004CF51D /* GitGudTests */ = {
			isa = PBXNativeTarget;
			buildConfigurationList = EF676C4C2CFF91C6004CF51D /* Build configuration list for PBXNativeTarget "GitGudTests" */;
			buildPhases = (
				EF676C312CFF91C6004CF51D /* Sources */,
				EF676C322CFF91C6004CF51D /* Frameworks */,
				EF676C332CFF91C6004CF51D /* Resources */,
			);
			buildRules = (
			);
			dependencies = (
				EF676C372CFF91C6004CF51D /* PBXTargetDependency */,
			);
			fileSystemSynchronizedGroups = (
				EF676C382CFF91C6004CF51D /* GitGudTests */,
			);
			name = GitGudTests;
			packageProductDependencies = (
			);
			productName = GitGudTests;
			productReference = EF676C352CFF91C6004CF51D /* GitGudTests.xctest */;
			productType = "com.apple.product-type.bundle.unit-test";
		};
		EF676C3E2CFF91C6004CF51D /* GitGudUITests */ = {
			isa = PBXNativeTarget;
			buildConfigurationList = EF676C4F2CFF91C6004CF51D /* Build configuration list for PBXNativeTarget "GitGudUITests" */;
			buildPhases = (
				EF676C3B2CFF91C6004CF51D /* Sources */,
				EF676C3C2CFF91C6004CF51D /* Frameworks */,
				EF676C3D2CFF91C6004CF51D /* Resources */,
			);
			buildRules = (
			);
			dependencies = (
				EF676C412CFF91C6004CF51D /* PBXTargetDependency */,
			);
			fileSystemSynchronizedGroups = (
				EF676C422CFF91C6004CF51D /* GitGudUITests */,
			);
			name = GitGudUITests;
			packageProductDependencies = (
			);
			productName = GitGudUITests;
			productReference = EF676C3F2CFF91C6004CF51D /* GitGudUITests.xctest */;
			productType = "com.apple.product-type.bundle.ui-testing";
		};
/* End PBXNativeTarget section */

/* Begin PBXProject section */
		EF676C1C2CFF91C5004CF51D /* Project object */ = {
			isa = PBXProject;
			attributes = {
				BuildIndependentTargetsInParallel = 1;
				LastSwiftUpdateCheck = 1610;
				LastUpgradeCheck = 1610;
				TargetAttributes = {
					EF676C232CFF91C5004CF51D = {
						CreatedOnToolsVersion = 16.1;
					};
					EF676C342CFF91C6004CF51D = {
						CreatedOnToolsVersion = 16.1;
						TestTargetID = EF676C232CFF91C5004CF51D;
					};
					EF676C3E2CFF91C6004CF51D = {
						CreatedOnToolsVersion = 16.1;
						TestTargetID = EF676C232CFF91C5004CF51D;
					};
				};
			};
			buildConfigurationList = EF676C1F2CFF91C5004CF51D /* Build configuration list for PBXProject "GitGud" */;
			developmentRegion = en;
			hasScannedForEncodings = 0;
			knownRegions = (
				en,
				Base,
			);
			mainGroup = EF676C1B2CFF91C5004CF51D;
			minimizedProjectReferenceProxies = 1;
			preferredProjectObjectVersion = 77;
			productRefGroup = EF676C252CFF91C5004CF51D /* Products */;
			projectDirPath = "";
			projectRoot = "";
			targets = (
				EF676C232CFF91C5004CF51D /* GitGud */,
				EF676C342CFF91C6004CF51D /* GitGudTests */,
				EF676C3E2CFF91C6004CF51D /* GitGudUITests */,
			);
		};
/* End PBXProject section */

/* Begin PBXResourcesBuildPhase section */
		EF676C222CFF91C5004CF51D /* Resources */ = {
			isa = PBXResourcesBuildPhase;
			buildActionMask = 2147483647;
			files = (
			);
			runOnlyForDeploymentPostprocessing = 0;
		};
		EF676C332CFF91C6004CF51D /* Resources */ = {
			isa = PBXResourcesBuildPhase;
			buildActionMask = 2147483647;
			files = (
			);
			runOnlyForDeploymentPostprocessing = 0;
		};
		EF676C3D2CFF91C6004CF51D /* Resources */ = {
			isa = PBXResourcesBuildPhase;
			buildActionMask = 2147483647;
			files = (
			);
			runOnlyForDeploymentPostprocessing = 0;
		};
/* End PBXResourcesBuildPhase section */

/* Begin PBXSourcesBuildPhase section */
		EF676C202CFF91C5004CF51D /* Sources */ = {
			isa = PBXSourcesBuildPhase;
			buildActionMask = 2147483647;
			files = (
			);
			runOnlyForDeploymentPostprocessing = 0;
		};
		EF676C312CFF91C6004CF51D /* Sources */ = {
			isa = PBXSourcesBuildPhase;
			buildActionMask = 2147483647;
			files = (
			);
			runOnlyForDeploymentPostprocessing = 0;
		};
		EF676C3B2CFF91C6004CF51D /* Sources */ = {
			isa = PBXSourcesBuildPhase;
			buildActionMask = 2147483647;
			files = (
			);
			runOnlyForDeploymentPostprocessing = 0;
		};
/* End PBXSourcesBuildPhase section */

/* Begin PBXTargetDependency section */
		EF676C372CFF91C6004CF51D /* PBXTargetDependency */ = {
			isa = PBXTargetDependency;
			target = EF676C232CFF91C5004CF51D /* GitGud */;
			targetProxy = EF676C362CFF91C6004CF51D /* PBXContainerItemProxy */;
		};
		EF676C412CFF91C6004CF51D /* PBXTargetDependency */ = {
			isa = PBXTargetDependency;
			target = EF676C232CFF91C5004CF51D /* GitGud */;
			targetProxy = EF676C402CFF91C6004CF51D /* PBXContainerItemProxy */;
		};
/* End PBXTargetDependency section */

/* Begin XCBuildConfiguration section */
		EF676C472CFF91C6004CF51D /* Debug */ = {
			isa = XCBuildConfiguration;
			buildSettings = {
				ALWAYS_SEARCH_USER_PATHS = NO;
				ASSETCATALOG_COMPILER_GENERATE_SWIFT_ASSET_SYMBOL_EXTENSIONS = YES;
				CLANG_ANALYZER_NONNULL = YES;
				CLANG_ANALYZER_NUMBER_OBJECT_CONVERSION = YES_AGGRESSIVE;
				CLANG_CXX_LANGUAGE_STANDARD = "gnu++20";
				CLANG_ENABLE_MODULES = YES;
				CLANG_ENABLE_OBJC_ARC = YES;
				CLANG_ENABLE_OBJC_WEAK = YES;
				CLANG_WARN_BLOCK_CAPTURE_AUTORELEASING = YES;
				CLANG_WARN_BOOL_CONVERSION = YES;
				CLANG_WARN_COMMA = YES;
				CLANG_WARN_CONSTANT_CONVERSION = YES;
				CLANG_WARN_DEPRECATED_OBJC_IMPLEMENTATIONS = YES;
				CLANG_WARN_DIRECT_OBJC_ISA_USAGE = YES_ERROR;
				CLANG_WARN_DOCUMENTATION_COMMENTS = YES;
				CLANG_WARN_EMPTY_BODY = YES;
				CLANG_WARN_ENUM_CONVERSION = YES;
				CLANG_WARN_INFINITE_RECURSION = YES;
				CLANG_WARN_INT_CONVERSION = YES;
				CLANG_WARN_NON_LITERAL_NULL_CONVERSION = YES;
				CLANG_WARN_OBJC_IMPLICIT_RETAIN_SELF = YES;
				CLANG_WARN_OBJC_LITERAL_CONVERSION = YES;
				CLANG_WARN_OBJC_ROOT_CLASS = YES_ERROR;
				CLANG_WARN_QUOTED_INCLUDE_IN_FRAMEWORK_HEADER = YES;
				CLANG_WARN_RANGE_LOOP_ANALYSIS = YES;
				CLANG_WARN_STRICT_PROTOTYPES = YES;
				CLANG_WARN_SUSPICIOUS_MOVE = YES;
				CLANG_WARN_UNGUARDED_AVAILABILITY = YES_AGGRESSIVE;
				CLANG_WARN_UNREACHABLE_CODE = YES;
				CLANG_WARN__DUPLICATE_METHOD_MATCH = YES;
				COPY_PHASE_STRIP = NO;
				DEBUG_INFORMATION_FORMAT = dwarf;
				ENABLE_STRICT_OBJC_MSGSEND = YES;
				ENABLE_TESTABILITY = YES;
				ENABLE_USER_SCRIPT_SANDBOXING = YES;
				GCC_C_LANGUAGE_STANDARD = gnu17;
				GCC_DYNAMIC_NO_PIC = NO;
				GCC_NO_COMMON_BLOCKS = YES;
				GCC_OPTIMIZATION_LEVEL = 0;
				GCC_PREPROCESSOR_DEFINITIONS = (
					"DEBUG=1",
					"$(inherited)",
				);
				GCC_WARN_64_TO_32_BIT_CONVERSION = YES;
				GCC_WARN_ABOUT_RETURN_TYPE = YES_ERROR;
				GCC_WARN_UNDECLARED_SELECTOR = YES;
				GCC_WARN_UNINITIALIZED_AUTOS = YES_AGGRESSIVE;
				GCC_WARN_UNUSED_FUNCTION = YES;
				GCC_WARN_UNUSED_VARIABLE = YES;
				LOCALIZATION_PREFERS_STRING_CATALOGS = YES;
				MACOSX_DEPLOYMENT_TARGET = 15.1;
				MTL_ENABLE_DEBUG_INFO = INCLUDE_SOURCE;
				MTL_FAST_MATH = YES;
				ONLY_ACTIVE_ARCH = YES;
				SDKROOT = macosx;
				SWIFT_ACTIVE_COMPILATION_CONDITIONS = "DEBUG $(inherited)";
				SWIFT_OPTIMIZATION_LEVEL = "-Onone";
			};
			name = Debug;
		};
		EF676C482CFF91C6004CF51D /* Release */ = {
			isa = XCBuildConfiguration;
			buildSettings = {
				ALWAYS_SEARCH_USER_PATHS = NO;
				ASSETCATALOG_COMPILER_GENERATE_SWIFT_ASSET_SYMBOL_EXTENSIONS = YES;
				CLANG_ANALYZER_NONNULL = YES;
				CLANG_ANALYZER_NUMBER_OBJECT_CONVERSION = YES_AGGRESSIVE;
				CLANG_CXX_LANGUAGE_STANDARD = "gnu++20";
				CLANG_ENABLE_MODULES = YES;
				CLANG_ENABLE_OBJC_ARC = YES;
				CLANG_ENABLE_OBJC_WEAK = YES;
				CLANG_WARN_BLOCK_CAPTURE_AUTORELEASING = YES;
				CLANG_WARN_BOOL_CONVERSION = YES;
				CLANG_WARN_COMMA = YES;
				CLANG_WARN_CONSTANT_CONVERSION = YES;
				CLANG_WARN_DEPRECATED_OBJC_IMPLEMENTATIONS = YES;
				CLANG_WARN_DIRECT_OBJC_ISA_USAGE = YES_ERROR;
				CLANG_WARN_DOCUMENTATION_COMMENTS = YES;
				CLANG_WARN_EMPTY_BODY = YES;
				CLANG_WARN_ENUM_CONVERSION = YES;
				CLANG_WARN_INFINITE_RECURSION = YES;
				CLANG_WARN_INT_CONVERSION = YES;
				CLANG_WARN_NON_LITERAL_NULL_CONVERSION = YES;
				CLANG_WARN_OBJC_IMPLICIT_RETAIN_SELF = YES;
				CLANG_WARN_OBJC_LITERAL_CONVERSION = YES;
				CLANG_WARN_OBJC_ROOT_CLASS = YES_ERROR;
				CLANG_WARN_QUOTED_INCLUDE_IN_FRAMEWORK_HEADER = YES;
				CLANG_WARN_RANGE_LOOP_ANALYSIS = YES;
				CLANG_WARN_STRICT_PROTOTYPES = YES;
				CLANG_WARN_SUSPICIOUS_MOVE = YES;
				CLANG_WARN_UNGUARDED_AVAILABILITY = YES_AGGRESSIVE;
				CLANG_WARN_UNREACHABLE_CODE = YES;
				CLANG_WARN__DUPLICATE_METHOD_MATCH = YES;
				COPY_PHASE_STRIP = NO;
				DEBUG_INFORMATION_FORMAT = "dwarf-with-dsym";
				ENABLE_NS_ASSERTIONS = NO;
				ENABLE_STRICT_OBJC_MSGSEND = YES;
				ENABLE_USER_SCRIPT_SANDBOXING = YES;
				GCC_C_LANGUAGE_STANDARD = gnu17;
				GCC_NO_COMMON_BLOCKS = YES;
				GCC_WARN_64_TO_32_BIT_CONVERSION = YES;
				GCC_WARN_ABOUT_RETURN_TYPE = YES_ERROR;
				GCC_WARN_UNDECLARED_SELECTOR = YES;
				GCC_WARN_UNINITIALIZED_AUTOS = YES_AGGRESSIVE;
				GCC_WARN_UNUSED_FUNCTION = YES;
				GCC_WARN_UNUSED_VARIABLE = YES;
				LOCALIZATION_PREFERS_STRING_CATALOGS = YES;
				MACOSX_DEPLOYMENT_TARGET = 15.1;
				MTL_ENABLE_DEBUG_INFO = NO;
				MTL_FAST_MATH = YES;
				SDKROOT = macosx;
				SWIFT_COMPILATION_MODE = wholemodule;
			};
			name = Release;
		};
		EF676C4A2CFF91C6004CF51D /* Debug */ = {
			isa = XCBuildConfiguration;
			buildSettings = {
				ASSETCATALOG_COMPILER_APPICON_NAME = AppIcon;
				ASSETCATALOG_COMPILER_GLOBAL_ACCENT_COLOR_NAME = AccentColor;
				CODE_SIGN_ENTITLEMENTS = GitGud/GitGud.entitlements;
				CODE_SIGN_STYLE = Automatic;
				COMBINE_HIDPI_IMAGES = YES;
				CURRENT_PROJECT_VERSION = 1;
				DEVELOPMENT_ASSET_PATHS = "\"GitGud/Preview Content\"";
				DEVELOPMENT_TEAM = P6PV2R9443;
				ENABLE_HARDENED_RUNTIME = YES;
				ENABLE_PREVIEWS = YES;
				GENERATE_INFOPLIST_FILE = YES;
				INFOPLIST_KEY_NSHumanReadableCopyright = "";
				LD_RUNPATH_SEARCH_PATHS = (
					"$(inherited)",
					"@executable_path/../Frameworks",
				);
				MARKETING_VERSION = 1.0;
				PRODUCT_BUNDLE_IDENTIFIER = dev.malted.GitGud;
				PRODUCT_NAME = "$(TARGET_NAME)";
				SWIFT_EMIT_LOC_STRINGS = YES;
				SWIFT_VERSION = 5.0;
			};
			name = Debug;
		};
		EF676C4B2CFF91C6004CF51D /* Release */ = {
			isa = XCBuildConfiguration;
			buildSettings = {
				ASSETCATALOG_COMPILER_APPICON_NAME = AppIcon;
				ASSETCATALOG_COMPILER_GLOBAL_ACCENT_COLOR_NAME = AccentColor;
				CODE_SIGN_ENTITLEMENTS = GitGud/GitGud.entitlements;
				CODE_SIGN_STYLE = Automatic;
				COMBINE_HIDPI_IMAGES = YES;
				CURRENT_PROJECT_VERSION = 1;
				DEVELOPMENT_ASSET_PATHS = "\"GitGud/Preview Content\"";
				DEVELOPMENT_TEAM = P6PV2R9443;
				ENABLE_HARDENED_RUNTIME = YES;
				ENABLE_PREVIEWS = YES;
				GENERATE_INFOPLIST_FILE = YES;
				INFOPLIST_KEY_NSHumanReadableCopyright = "";
				LD_RUNPATH_SEARCH_PATHS = (
					"$(inherited)",
					"@executable_path/../Frameworks",
				);
				MARKETING_VERSION = 1.0;
				PRODUCT_BUNDLE_IDENTIFIER = dev.malted.GitGud;
				PRODUCT_NAME = "$(TARGET_NAME)";
				SWIFT_EMIT_LOC_STRINGS = YES;
				SWIFT_VERSION = 5.0;
			};
			name = Release;
		};
		EF676C4D2CFF91C6004CF51D /* Debug */ = {
			isa = XCBuildConfiguration;
			buildSettings = {
				BUNDLE_LOADER = "$(TEST_HOST)";
				CODE_SIGN_STYLE = Automatic;
				CURRENT_PROJECT_VERSION = 1;
				DEVELOPMENT_TEAM = P6PV2R9443;
				GENERATE_INFOPLIST_FILE = YES;
				MACOSX_DEPLOYMENT_TARGET = 15.1;
				MARKETING_VERSION = 1.0;
				PRODUCT_BUNDLE_IDENTIFIER = dev.malted.GitGudTests;
				PRODUCT_NAME = "$(TARGET_NAME)";
				SWIFT_EMIT_LOC_STRINGS = NO;
				SWIFT_VERSION = 5.0;
				TEST_HOST = "$(BUILT_PRODUCTS_DIR)/GitGud.app/$(BUNDLE_EXECUTABLE_FOLDER_PATH)/GitGud";
			};
			name = Debug;
		};
		EF676C4E2CFF91C6004CF51D /* Release */ = {
			isa = XCBuildConfiguration;
			buildSettings = {
				BUNDLE_LOADER = "$(TEST_HOST)";
				CODE_SIGN_STYLE = Automatic;
				CURRENT_PROJECT_VERSION = 1;
				DEVELOPMENT_TEAM = P6PV2R9443;
				GENERATE_INFOPLIST_FILE = YES;
				MACOSX_DEPLOYMENT_TARGET = 15.1;
				MARKETING_VERSION = 1.0;
				PRODUCT_BUNDLE_IDENTIFIER = dev.malted.GitGudTests;
				PRODUCT_NAME = "$(TARGET_NAME)";
				SWIFT_EMIT_LOC_STRINGS = NO;
				SWIFT_VERSION = 5.0;
				TEST_HOST = "$(BUILT_PRODUCTS_DIR)/GitGud.app/$(BUNDLE_EXECUTABLE_FOLDER_PATH)/GitGud";
			};
			name = Release;
		};
		EF676C502CFF91C6004CF51D /* Debug */ = {
			isa = XCBuildConfiguration;
			buildSettings = {
				CODE_SIGN_STYLE = Automatic;
				CURRENT_PROJECT_VERSION = 1;
				DEVELOPMENT_TEAM = P6PV2R9443;
				GENERATE_INFOPLIST_FILE = YES;
				MARKETING_VERSION = 1.0;
				PRODUCT_BUNDLE_IDENTIFIER = dev.malted.GitGudUITests;
				PRODUCT_NAME = "$(TARGET_NAME)";
				SWIFT_EMIT_LOC_STRINGS = NO;
				SWIFT_VERSION = 5.0;
				TEST_TARGET_NAME = GitGud;
			};
			name = Debug;
		};
		EF676C512CFF91C6004CF51D /* Release */ = {
			isa = XCBuildConfiguration;
			buildSettings = {
				CODE_SIGN_STYLE = Automatic;
				CURRENT_PROJECT_VERSION = 1;
				DEVELOPMENT_TEAM = P6PV2R9443;
				GENERATE_INFOPLIST_FILE = YES;
				MARKETING_VERSION = 1.0;
				PRODUCT_BUNDLE_IDENTIFIER = dev.malted.GitGudUITests;
				PRODUCT_NAME = "$(TARGET_NAME)";
				SWIFT_EMIT_LOC_STRINGS = NO;
				SWIFT_VERSION = 5.0;
				TEST_TARGET_NAME = GitGud;
			};
			name = Release;
		};
/* End XCBuildConfiguration section */

/* Begin XCConfigurationList section */
		EF676C1F2CFF91C5004CF51D /* Build configuration list for PBXProject "GitGud" */ = {
			isa = XCConfigurationList;
			buildConfigurations = (
				EF676C472CFF91C6004CF51D /* Debug */,
				EF676C482CFF91C6004CF51D /* Release */,
			);
			defaultConfigurationIsVisible = 0;
			defaultConfigurationName = Release;
		};
		EF676C492CFF91C6004CF51D /* Build configuration list for PBXNativeTarget "GitGud" */ = {
			isa = XCConfigurationList;
			buildConfigurations = (
				EF676C4A2CFF91C6004CF51D /* Debug */,
				EF676C4B2CFF91C6004CF51D /* Release */,
			);
			defaultConfigurationIsVisible = 0;
			defaultConfigurationName = Release;
		};
		EF676C4C2CFF91C6004CF51D /* Build configuration list for PBXNativeTarget "GitGudTests" */ = {
			isa = XCConfigurationList;
			buildConfigurations = (
				EF676C4D2CFF91C6004CF51D /* Debug */,
				EF676C4E2CFF91C6004CF51D /* Release */,
			);
			defaultConfigurationIsVisible = 0;
			defaultConfigurationName = Release;
		};
		EF676C4F2CFF91C6004CF51D /* Build configuration list for PBXNativeTarget "GitGudUITests" */ = {
			isa = XCConfigurationList;
			buildConfigurations = (
				EF676C502CFF91C6004CF51D /* Debug */,
				EF676C512CFF91C6004CF51D /* Release */,
			);
			defaultConfigurationIsVisible = 0;
			defaultConfigurationName = Release;
		};
/* End XCConfigurationList section */
	};
	rootObject = EF676C1C2CFF91C5004CF51D /* Project object */;
}
